PODS:
  - Flutter (1.0.0)
  - host4_flutter_device_native (0.0.1):
    - Flutter
  - integration_test (0.0.1):
    - Flutter
  - receive_sharing_intent (1.8.1):
    - Flutter

DEPENDENCIES:
  - Flutter (from `Flutter`)
  - host4_flutter_device_native (from `.symlinks/plugins/host4_flutter_device_native/ios`)
  - integration_test (from `.symlinks/plugins/integration_test/ios`)
  - receive_sharing_intent (from `.symlinks/plugins/receive_sharing_intent/ios`)

EXTERNAL SOURCES:
  Flutter:
    :path: Flutter
  host4_flutter_device_native:
    :path: ".symlinks/plugins/host4_flutter_device_native/ios"
  integration_test:
    :path: ".symlinks/plugins/integration_test/ios"
  receive_sharing_intent:
    :path: ".symlinks/plugins/receive_sharing_intent/ios"

SPEC CHECKSUMS:
  Flutter: cabc95a1d2626b1b06e7179b784ebcf0c0cde467
  host4_flutter_device_native: d26ad37ef99e9f14354ac5d6b5ffdd383f2c9a64
  integration_test: 4a889634ef21a45d28d50d622cf412dc6d9f586e
  receive_sharing_intent: 222384f00ffe7e952bbfabaa9e3967cb87e5fe00

PODFILE CHECKSUM: f8c2dcdfb50bb67645580d28a6bf814fca30bdec

COCOAPODS: 1.16.2
